
Microsoft Visual Studio Solution File, Format Version 12.00
# Visual Studio Version 16
VisualStudioVersion = 16.0.31112.23
MinimumVisualStudioVersion = 10.0.40219.1
Project("{FAE04EC0-301F-11D3-BF4B-00C04F79EFBC}") = "Shapes", "Shapes\Shapes.csproj", "{C71F23C6-3C01-4072-AFD1-62CDEBE59320}"
EndProject
Global
	GlobalSection(SolutionConfigurationPlatforms) = preSolution
		Debug|Any CPU = Debug|Any CPU
		Release|Any CPU = Release|Any CPU
	EndGlobalSection
	GlobalSection(ProjectConfigurationPlatforms) = postSolution
		{C71F23C6-3C01-4072-AFD1-62CDEBE59320}.Debug|Any CPU.ActiveCfg = Debug|Any CPU
		{C71F23C6-3C01-4072-AFD1-62CDEBE59320}.Debug|Any CPU.Build.0 = Debug|Any CPU
		{C71F23C6-3C01-4072-AFD1-62CDEBE59320}.Release|Any CPU.ActiveCfg = Release|Any CPU
		{C71F23C6-3C01-4072-AFD1-62CDEBE59320}.Release|Any CPU.Build.0 = Release|Any CPU
	EndGlobalSection
	GlobalSection(SolutionProperties) = preSolution
		HideSolutionNode = FALSE
	EndGlobalSection
	GlobalSection(ExtensibilityGlobals) = postSolution
		SolutionGuid = {D42A9247-4774-421C-8E8F-8DC64EBF82B2}
	EndGlobalSection
EndGlobal
